
Microsoft Visual Studio Solution File, Format Version 12.00
# Visual Studio Version 16
VisualStudioVersion = 16.0.29728.190
MinimumVisualStudioVersion = 10.0.40219.1
Project("{9A19103F-16F7-4668-BE54-9A1E7A4F7556}") = "Workshop.Models", "Workshop.Models\Workshop.Models.csproj", "{8032B507-A9C1-4446-B71F-12AC8444D8AA}"
EndProject
Project("{2150E333-8FDC-42A3-9474-1A3956D46DE8}") = "Solution Items", "Solution Items", "{E26D4588-D549-4F58-B82B-D393F4C32C68}"
	ProjectSection(SolutionItems) = preProject
		.editorconfig = .editorconfig
		..\.gitignore = ..\.gitignore
		MLWorkshop.sln.licenseheader = MLWorkshop.sln.licenseheader
		..\README.md = ..\README.md
	EndProjectSection
EndProject
Project("{9A19103F-16F7-4668-BE54-9A1E7A4F7556}") = "Workshop.Common", "Workshop.Common\Workshop.Common.csproj", "{0BA58AE6-E479-4B8B-AA7B-8425A328E1A3}"
EndProject
Project("{9A19103F-16F7-4668-BE54-9A1E7A4F7556}") = "Workshop.ML", "Workshop.ML\Workshop.ML.csproj", "{C5D5050D-37AF-4164-AB08-320BB5B1D453}"
EndProject
Project("{9A19103F-16F7-4668-BE54-9A1E7A4F7556}") = "Workshop.Term", "Workshop.Term\Workshop.Term.csproj", "{2A126A72-957D-4B22-A9B9-66793850B229}"
EndProject
Global
	GlobalSection(SolutionConfigurationPlatforms) = preSolution
		Debug|Any CPU = Debug|Any CPU
		Release|Any CPU = Release|Any CPU
	EndGlobalSection
	GlobalSection(ProjectConfigurationPlatforms) = postSolution
		{8032B507-A9C1-4446-B71F-12AC8444D8AA}.Debug|Any CPU.ActiveCfg = Debug|Any CPU
		{8032B507-A9C1-4446-B71F-12AC8444D8AA}.Debug|Any CPU.Build.0 = Debug|Any CPU
		{8032B507-A9C1-4446-B71F-12AC8444D8AA}.Release|Any CPU.ActiveCfg = Release|Any CPU
		{8032B507-A9C1-4446-B71F-12AC8444D8AA}.Release|Any CPU.Build.0 = Release|Any CPU
		{0BA58AE6-E479-4B8B-AA7B-8425A328E1A3}.Debug|Any CPU.ActiveCfg = Debug|Any CPU
		{0BA58AE6-E479-4B8B-AA7B-8425A328E1A3}.Debug|Any CPU.Build.0 = Debug|Any CPU
		{0BA58AE6-E479-4B8B-AA7B-8425A328E1A3}.Release|Any CPU.ActiveCfg = Release|Any CPU
		{0BA58AE6-E479-4B8B-AA7B-8425A328E1A3}.Release|Any CPU.Build.0 = Release|Any CPU
		{C5D5050D-37AF-4164-AB08-320BB5B1D453}.Debug|Any CPU.ActiveCfg = Debug|Any CPU
		{C5D5050D-37AF-4164-AB08-320BB5B1D453}.Debug|Any CPU.Build.0 = Debug|Any CPU
		{C5D5050D-37AF-4164-AB08-320BB5B1D453}.Release|Any CPU.ActiveCfg = Release|Any CPU
		{C5D5050D-37AF-4164-AB08-320BB5B1D453}.Release|Any CPU.Build.0 = Release|Any CPU
		{2A126A72-957D-4B22-A9B9-66793850B229}.Debug|Any CPU.ActiveCfg = Debug|Any CPU
		{2A126A72-957D-4B22-A9B9-66793850B229}.Debug|Any CPU.Build.0 = Debug|Any CPU
		{2A126A72-957D-4B22-A9B9-66793850B229}.Release|Any CPU.ActiveCfg = Release|Any CPU
		{2A126A72-957D-4B22-A9B9-66793850B229}.Release|Any CPU.Build.0 = Release|Any CPU
	EndGlobalSection
	GlobalSection(SolutionProperties) = preSolution
		HideSolutionNode = FALSE
	EndGlobalSection
	GlobalSection(ExtensibilityGlobals) = postSolution
		SolutionGuid = {7F35A2A8-EA7E-494F-BA82-D83AC6319CBD}
	EndGlobalSection
	GlobalSection(MonoDevelopProperties) = preSolution
		Policies = $0
		$0.StandardHeader = $1
		$1.Text = @This Source Code Form is subject to the terms of the Mozilla Public License, v. 2.0.\nIf a copy of the MPL was not distributed with this file, You can obtain one at\r\nhttp://mozilla.org/MPL/2.0/.
	EndGlobalSection
EndGlobal
